
Microsoft Visual Studio Solution File, Format Version 12.00
# Visual Studio Version 17
VisualStudioVersion = 17.0.31903.59
MinimumVisualStudioVersion = 10.0.40219.1
Project("{2150E333-8FDC-42A3-9474-1A3956D46DE8}") = "src", "src", "{827E0CD3-B72D-47B6-A68D-7590B98EB39B}"
EndProject
Project("{2150E333-8FDC-42A3-9474-1A3956D46DE8}") = "MakerBlendShapeSync", "MakerBlendShapeSync", "{C5B480A9-3AB3-B354-3B5B-09192902578D}"
EndProject
Project("{FAE04EC0-301F-11D3-BF4B-00C04F79EFBC}") = "MakerBlendShapeSync.KK", "src\MakerBlendShapeSync\MakerBlendShapeSync.KK.csproj", "{CCC283C0-69CD-4FFA-8A07-F76859DF9CA3}"
EndProject
Project("{FAE04EC0-301F-11D3-BF4B-00C04F79EFBC}") = "MakerBlendShapeSync.KKS", "src\MakerBlendShapeSync\MakerBlendShapeSync.KKS.csproj", "{62561EB3-96C2-485F-B2BC-7B665ED61D9F}"
EndProject
Project("{FAE04EC0-301F-11D3-BF4B-00C04F79EFBC}") = "AccessoryBoneBinder.KK", "src\AccessoryBoneBinder\AccessoryBoneBinder.KK.csproj", "{A876C12D-6D24-4D33-AB7C-5229EF648F39}"
EndProject
Project("{FAE04EC0-301F-11D3-BF4B-00C04F79EFBC}") = "AccessoryBoneBinder.KKS", "src\AccessoryBoneBinder\AccessoryBoneBinder.KKS.csproj", "{CC2FF7AF-2892-4223-BF28-23EB565D4D25}"
EndProject
Project("{FAE04EC0-301F-11D3-BF4B-00C04F79EFBC}") = "DBDECoordinateLoadBridge.KK", "src\DBDECoordinateLoadBridge\DBDECoordinateLoadBridge.KK.csproj", "{8FDEFA02-1D89-4AA4-989E-256B2AA97089}"
EndProject
Project("{FAE04EC0-301F-11D3-BF4B-00C04F79EFBC}") = "DBDECoordinateLoadBridge.KKS", "src\DBDECoordinateLoadBridge\DBDECoordinateLoadBridge.KKS.csproj", "{6C17356A-7D19-4354-BFA3-84F2F8D54366}"
EndProject
Project("{FAE04EC0-301F-11D3-BF4B-00C04F79EFBC}") = "FaceWeightBinder.KKS", "src\FaceWeightBinder\FaceWeightBinder.KKS.csproj", "{48532688-CA3A-4FC3-8250-9E7B42F3C0F1}"
EndProject
Project("{2150E333-8FDC-42A3-9474-1A3956D46DE8}") = "FaceWeightBinder", "FaceWeightBinder", "{FE0D14D9-1087-974A-1743-B68FF9602E23}"
EndProject
Project("{FAE04EC0-301F-11D3-BF4B-00C04F79EFBC}") = "FaceWeightBinder.KK", "src\FaceWeightBinder\FaceWeightBinder.KK.csproj", "{9DB99B78-76E0-484B-B8F2-FE4AB913513D}"
EndProject
Project("{FAE04EC0-301F-11D3-BF4B-00C04F79EFBC}") = "FaceWeightBinder.Authoring.KK", "src\FaceWeightBinder\FaceWeightBinder.Authoring.KK.csproj", "{D54A5DF3-052E-4AA0-9EB2-DE46CB104AE4}"
EndProject
Project("{FAE04EC0-301F-11D3-BF4B-00C04F79EFBC}") = "FaceWeightBinder.Authoring.KKS", "src\FaceWeightBinder\FaceWeightBinder.Authoring.KKS.csproj", "{5534CAA8-A333-495C-902C-94968E9FC526}"
EndProject
Global
	GlobalSection(SolutionConfigurationPlatforms) = preSolution
		Debug|Any CPU = Debug|Any CPU
		Debug|x64 = Debug|x64
		Debug|x86 = Debug|x86
		Release|Any CPU = Release|Any CPU
		Release|x64 = Release|x64
		Release|x86 = Release|x86
	EndGlobalSection
	GlobalSection(ProjectConfigurationPlatforms) = postSolution
		{CCC283C0-69CD-4FFA-8A07-F76859DF9CA3}.Debug|Any CPU.ActiveCfg = Debug|Any CPU
		{CCC283C0-69CD-4FFA-8A07-F76859DF9CA3}.Debug|Any CPU.Build.0 = Debug|Any CPU
		{CCC283C0-69CD-4FFA-8A07-F76859DF9CA3}.Debug|x64.ActiveCfg = Debug|Any CPU
		{CCC283C0-69CD-4FFA-8A07-F76859DF9CA3}.Debug|x64.Build.0 = Debug|Any CPU
		{CCC283C0-69CD-4FFA-8A07-F76859DF9CA3}.Debug|x86.ActiveCfg = Debug|Any CPU
		{CCC283C0-69CD-4FFA-8A07-F76859DF9CA3}.Debug|x86.Build.0 = Debug|Any CPU
		{CCC283C0-69CD-4FFA-8A07-F76859DF9CA3}.Release|Any CPU.ActiveCfg = Release|Any CPU
		{CCC283C0-69CD-4FFA-8A07-F76859DF9CA3}.Release|Any CPU.Build.0 = Release|Any CPU
		{CCC283C0-69CD-4FFA-8A07-F76859DF9CA3}.Release|x64.ActiveCfg = Release|Any CPU
		{CCC283C0-69CD-4FFA-8A07-F76859DF9CA3}.Release|x64.Build.0 = Release|Any CPU
		{CCC283C0-69CD-4FFA-8A07-F76859DF9CA3}.Release|x86.ActiveCfg = Release|Any CPU
		{CCC283C0-69CD-4FFA-8A07-F76859DF9CA3}.Release|x86.Build.0 = Release|Any CPU
		{62561EB3-96C2-485F-B2BC-7B665ED61D9F}.Debug|Any CPU.ActiveCfg = Debug|Any CPU
		{62561EB3-96C2-485F-B2BC-7B665ED61D9F}.Debug|Any CPU.Build.0 = Debug|Any CPU
		{62561EB3-96C2-485F-B2BC-7B665ED61D9F}.Debug|x64.ActiveCfg = Debug|Any CPU
		{62561EB3-96C2-485F-B2BC-7B665ED61D9F}.Debug|x64.Build.0 = Debug|Any CPU
		{62561EB3-96C2-485F-B2BC-7B665ED61D9F}.Debug|x86.ActiveCfg = Debug|Any CPU
		{62561EB3-96C2-485F-B2BC-7B665ED61D9F}.Debug|x86.Build.0 = Debug|Any CPU
		{62561EB3-96C2-485F-B2BC-7B665ED61D9F}.Release|Any CPU.ActiveCfg = Release|Any CPU
		{62561EB3-96C2-485F-B2BC-7B665ED61D9F}.Release|Any CPU.Build.0 = Release|Any CPU
		{62561EB3-96C2-485F-B2BC-7B665ED61D9F}.Release|x64.ActiveCfg = Release|Any CPU
		{62561EB3-96C2-485F-B2BC-7B665ED61D9F}.Release|x64.Build.0 = Release|Any CPU
		{62561EB3-96C2-485F-B2BC-7B665ED61D9F}.Release|x86.ActiveCfg = Release|Any CPU
		{62561EB3-96C2-485F-B2BC-7B665ED61D9F}.Release|x86.Build.0 = Release|Any CPU
		{A876C12D-6D24-4D33-AB7C-5229EF648F39}.Debug|Any CPU.ActiveCfg = Debug|Any CPU
		{A876C12D-6D24-4D33-AB7C-5229EF648F39}.Debug|Any CPU.Build.0 = Debug|Any CPU
		{A876C12D-6D24-4D33-AB7C-5229EF648F39}.Debug|x64.ActiveCfg = Debug|Any CPU
		{A876C12D-6D24-4D33-AB7C-5229EF648F39}.Debug|x64.Build.0 = Debug|Any CPU
		{A876C12D-6D24-4D33-AB7C-5229EF648F39}.Debug|x86.ActiveCfg = Debug|Any CPU
		{A876C12D-6D24-4D33-AB7C-5229EF648F39}.Debug|x86.Build.0 = Debug|Any CPU
		{A876C12D-6D24-4D33-AB7C-5229EF648F39}.Release|Any CPU.ActiveCfg = Release|Any CPU
		{A876C12D-6D24-4D33-AB7C-5229EF648F39}.Release|Any CPU.Build.0 = Release|Any CPU
		{A876C12D-6D24-4D33-AB7C-5229EF648F39}.Release|x64.ActiveCfg = Release|Any CPU
		{A876C12D-6D24-4D33-AB7C-5229EF648F39}.Release|x64.Build.0 = Release|Any CPU
		{A876C12D-6D24-4D33-AB7C-5229EF648F39}.Release|x86.ActiveCfg = Release|Any CPU
		{A876C12D-6D24-4D33-AB7C-5229EF648F39}.Release|x86.Build.0 = Release|Any CPU
		{CC2FF7AF-2892-4223-BF28-23EB565D4D25}.Debug|Any CPU.ActiveCfg = Debug|Any CPU
		{CC2FF7AF-2892-4223-BF28-23EB565D4D25}.Debug|Any CPU.Build.0 = Debug|Any CPU
		{CC2FF7AF-2892-4223-BF28-23EB565D4D25}.Debug|x64.ActiveCfg = Debug|Any CPU
		{CC2FF7AF-2892-4223-BF28-23EB565D4D25}.Debug|x64.Build.0 = Debug|Any CPU
		{CC2FF7AF-2892-4223-BF28-23EB565D4D25}.Debug|x86.ActiveCfg = Debug|Any CPU
		{CC2FF7AF-2892-4223-BF28-23EB565D4D25}.Debug|x86.Build.0 = Debug|Any CPU
		{CC2FF7AF-2892-4223-BF28-23EB565D4D25}.Release|Any CPU.ActiveCfg = Release|Any CPU
		{CC2FF7AF-2892-4223-BF28-23EB565D4D25}.Release|Any CPU.Build.0 = Release|Any CPU
		{CC2FF7AF-2892-4223-BF28-23EB565D4D25}.Release|x64.ActiveCfg = Release|Any CPU
		{CC2FF7AF-2892-4223-BF28-23EB565D4D25}.Release|x64.Build.0 = Release|Any CPU
		{CC2FF7AF-2892-4223-BF28-23EB565D4D25}.Release|x86.ActiveCfg = Release|Any CPU
		{CC2FF7AF-2892-4223-BF28-23EB565D4D25}.Release|x86.Build.0 = Release|Any CPU
		{8FDEFA02-1D89-4AA4-989E-256B2AA97089}.Debug|Any CPU.ActiveCfg = Debug|Any CPU
		{8FDEFA02-1D89-4AA4-989E-256B2AA97089}.Debug|Any CPU.Build.0 = Debug|Any CPU
		{8FDEFA02-1D89-4AA4-989E-256B2AA97089}.Debug|x64.ActiveCfg = Debug|Any CPU
		{8FDEFA02-1D89-4AA4-989E-256B2AA97089}.Debug|x64.Build.0 = Debug|Any CPU
		{8FDEFA02-1D89-4AA4-989E-256B2AA97089}.Debug|x86.ActiveCfg = Debug|Any CPU
		{8FDEFA02-1D89-4AA4-989E-256B2AA97089}.Debug|x86.Build.0 = Debug|Any CPU
		{8FDEFA02-1D89-4AA4-989E-256B2AA97089}.Release|Any CPU.ActiveCfg = Release|Any CPU
		{8FDEFA02-1D89-4AA4-989E-256B2AA97089}.Release|Any CPU.Build.0 = Release|Any CPU
		{8FDEFA02-1D89-4AA4-989E-256B2AA97089}.Release|x64.ActiveCfg = Release|Any CPU
		{8FDEFA02-1D89-4AA4-989E-256B2AA97089}.Release|x64.Build.0 = Release|Any CPU
		{8FDEFA02-1D89-4AA4-989E-256B2AA97089}.Release|x86.ActiveCfg = Release|Any CPU
		{8FDEFA02-1D89-4AA4-989E-256B2AA97089}.Release|x86.Build.0 = Release|Any CPU
		{6C17356A-7D19-4354-BFA3-84F2F8D54366}.Debug|Any CPU.ActiveCfg = Debug|Any CPU
		{6C17356A-7D19-4354-BFA3-84F2F8D54366}.Debug|Any CPU.Build.0 = Debug|Any CPU
		{6C17356A-7D19-4354-BFA3-84F2F8D54366}.Debug|x64.ActiveCfg = Debug|Any CPU
		{6C17356A-7D19-4354-BFA3-84F2F8D54366}.Debug|x64.Build.0 = Debug|Any CPU
		{6C17356A-7D19-4354-BFA3-84F2F8D54366}.Debug|x86.ActiveCfg = Debug|Any CPU
		{6C17356A-7D19-4354-BFA3-84F2F8D54366}.Debug|x86.Build.0 = Debug|Any CPU
		{6C17356A-7D19-4354-BFA3-84F2F8D54366}.Release|Any CPU.ActiveCfg = Release|Any CPU
		{6C17356A-7D19-4354-BFA3-84F2F8D54366}.Release|Any CPU.Build.0 = Release|Any CPU
		{6C17356A-7D19-4354-BFA3-84F2F8D54366}.Release|x64.ActiveCfg = Release|Any CPU
		{6C17356A-7D19-4354-BFA3-84F2F8D54366}.Release|x64.Build.0 = Release|Any CPU
		{6C17356A-7D19-4354-BFA3-84F2F8D54366}.Release|x86.ActiveCfg = Release|Any CPU
		{6C17356A-7D19-4354-BFA3-84F2F8D54366}.Release|x86.Build.0 = Release|Any CPU
		{48532688-CA3A-4FC3-8250-9E7B42F3C0F1}.Debug|Any CPU.ActiveCfg = Debug|Any CPU
		{48532688-CA3A-4FC3-8250-9E7B42F3C0F1}.Debug|Any CPU.Build.0 = Debug|Any CPU
		{48532688-CA3A-4FC3-8250-9E7B42F3C0F1}.Debug|x64.ActiveCfg = Debug|Any CPU
		{48532688-CA3A-4FC3-8250-9E7B42F3C0F1}.Debug|x64.Build.0 = Debug|Any CPU
		{48532688-CA3A-4FC3-8250-9E7B42F3C0F1}.Debug|x86.ActiveCfg = Debug|Any CPU
		{48532688-CA3A-4FC3-8250-9E7B42F3C0F1}.Debug|x86.Build.0 = Debug|Any CPU
		{48532688-CA3A-4FC3-8250-9E7B42F3C0F1}.Release|Any CPU.ActiveCfg = Release|Any CPU
		{48532688-CA3A-4FC3-8250-9E7B42F3C0F1}.Release|Any CPU.Build.0 = Release|Any CPU
		{48532688-CA3A-4FC3-8250-9E7B42F3C0F1}.Release|x64.ActiveCfg = Release|Any CPU
		{48532688-CA3A-4FC3-8250-9E7B42F3C0F1}.Release|x64.Build.0 = Release|Any CPU
		{48532688-CA3A-4FC3-8250-9E7B42F3C0F1}.Release|x86.ActiveCfg = Release|Any CPU
		{48532688-CA3A-4FC3-8250-9E7B42F3C0F1}.Release|x86.Build.0 = Release|Any CPU
		{9DB99B78-76E0-484B-B8F2-FE4AB913513D}.Debug|Any CPU.ActiveCfg = Debug|Any CPU
		{9DB99B78-76E0-484B-B8F2-FE4AB913513D}.Debug|Any CPU.Build.0 = Debug|Any CPU
		{9DB99B78-76E0-484B-B8F2-FE4AB913513D}.Debug|x64.ActiveCfg = Debug|Any CPU
		{9DB99B78-76E0-484B-B8F2-FE4AB913513D}.Debug|x64.Build.0 = Debug|Any CPU
		{9DB99B78-76E0-484B-B8F2-FE4AB913513D}.Debug|x86.ActiveCfg = Debug|Any CPU
		{9DB99B78-76E0-484B-B8F2-FE4AB913513D}.Debug|x86.Build.0 = Debug|Any CPU
		{9DB99B78-76E0-484B-B8F2-FE4AB913513D}.Release|Any CPU.ActiveCfg = Release|Any CPU
		{9DB99B78-76E0-484B-B8F2-FE4AB913513D}.Release|Any CPU.Build.0 = Release|Any CPU
		{9DB99B78-76E0-484B-B8F2-FE4AB913513D}.Release|x64.ActiveCfg = Release|Any CPU
		{9DB99B78-76E0-484B-B8F2-FE4AB913513D}.Release|x64.Build.0 = Release|Any CPU
		{9DB99B78-76E0-484B-B8F2-FE4AB913513D}.Release|x86.ActiveCfg = Release|Any CPU
		{9DB99B78-76E0-484B-B8F2-FE4AB913513D}.Release|x86.Build.0 = Release|Any CPU
		{D54A5DF3-052E-4AA0-9EB2-DE46CB104AE4}.Debug|Any CPU.ActiveCfg = Debug|Any CPU
		{D54A5DF3-052E-4AA0-9EB2-DE46CB104AE4}.Debug|Any CPU.Build.0 = Debug|Any CPU
		{D54A5DF3-052E-4AA0-9EB2-DE46CB104AE4}.Debug|x64.ActiveCfg = Debug|Any CPU
		{D54A5DF3-052E-4AA0-9EB2-DE46CB104AE4}.Debug|x64.Build.0 = Debug|Any CPU
		{D54A5DF3-052E-4AA0-9EB2-DE46CB104AE4}.Debug|x86.ActiveCfg = Debug|Any CPU
		{D54A5DF3-052E-4AA0-9EB2-DE46CB104AE4}.Debug|x86.Build.0 = Debug|Any CPU
		{D54A5DF3-052E-4AA0-9EB2-DE46CB104AE4}.Release|Any CPU.ActiveCfg = Release|Any CPU
		{D54A5DF3-052E-4AA0-9EB2-DE46CB104AE4}.Release|Any CPU.Build.0 = Release|Any CPU
		{D54A5DF3-052E-4AA0-9EB2-DE46CB104AE4}.Release|x64.ActiveCfg = Release|Any CPU
		{D54A5DF3-052E-4AA0-9EB2-DE46CB104AE4}.Release|x64.Build.0 = Release|Any CPU
		{D54A5DF3-052E-4AA0-9EB2-DE46CB104AE4}.Release|x86.ActiveCfg = Release|Any CPU
		{D54A5DF3-052E-4AA0-9EB2-DE46CB104AE4}.Release|x86.Build.0 = Release|Any CPU
		{5534CAA8-A333-495C-902C-94968E9FC526}.Debug|Any CPU.ActiveCfg = Debug|Any CPU
		{5534CAA8-A333-495C-902C-94968E9FC526}.Debug|Any CPU.Build.0 = Debug|Any CPU
		{5534CAA8-A333-495C-902C-94968E9FC526}.Debug|x64.ActiveCfg = Debug|Any CPU
		{5534CAA8-A333-495C-902C-94968E9FC526}.Debug|x64.Build.0 = Debug|Any CPU
		{5534CAA8-A333-495C-902C-94968E9FC526}.Debug|x86.ActiveCfg = Debug|Any CPU
		{5534CAA8-A333-495C-902C-94968E9FC526}.Debug|x86.Build.0 = Debug|Any CPU
		{5534CAA8-A333-495C-902C-94968E9FC526}.Release|Any CPU.ActiveCfg = Release|Any CPU
		{5534CAA8-A333-495C-902C-94968E9FC526}.Release|Any CPU.Build.0 = Release|Any CPU
		{5534CAA8-A333-495C-902C-94968E9FC526}.Release|x64.ActiveCfg = Release|Any CPU
		{5534CAA8-A333-495C-902C-94968E9FC526}.Release|x64.Build.0 = Release|Any CPU
		{5534CAA8-A333-495C-902C-94968E9FC526}.Release|x86.ActiveCfg = Release|Any CPU
		{5534CAA8-A333-495C-902C-94968E9FC526}.Release|x86.Build.0 = Release|Any CPU
	EndGlobalSection
	GlobalSection(SolutionProperties) = preSolution
		HideSolutionNode = FALSE
	EndGlobalSection
	GlobalSection(NestedProjects) = preSolution
		{C5B480A9-3AB3-B354-3B5B-09192902578D} = {827E0CD3-B72D-47B6-A68D-7590B98EB39B}
		{CCC283C0-69CD-4FFA-8A07-F76859DF9CA3} = {C5B480A9-3AB3-B354-3B5B-09192902578D}
		{62561EB3-96C2-485F-B2BC-7B665ED61D9F} = {C5B480A9-3AB3-B354-3B5B-09192902578D}
		{A876C12D-6D24-4D33-AB7C-5229EF648F39} = {C5B480A9-3AB3-B354-3B5B-09192902578D}
		{CC2FF7AF-2892-4223-BF28-23EB565D4D25} = {C5B480A9-3AB3-B354-3B5B-09192902578D}
		{8FDEFA02-1D89-4AA4-989E-256B2AA97089} = {C5B480A9-3AB3-B354-3B5B-09192902578D}
		{6C17356A-7D19-4354-BFA3-84F2F8D54366} = {C5B480A9-3AB3-B354-3B5B-09192902578D}
		{48532688-CA3A-4FC3-8250-9E7B42F3C0F1} = {C5B480A9-3AB3-B354-3B5B-09192902578D}
		{FE0D14D9-1087-974A-1743-B68FF9602E23} = {827E0CD3-B72D-47B6-A68D-7590B98EB39B}
		{9DB99B78-76E0-484B-B8F2-FE4AB913513D} = {FE0D14D9-1087-974A-1743-B68FF9602E23}
		{D54A5DF3-052E-4AA0-9EB2-DE46CB104AE4} = {FE0D14D9-1087-974A-1743-B68FF9602E23}
		{5534CAA8-A333-495C-902C-94968E9FC526} = {FE0D14D9-1087-974A-1743-B68FF9602E23}
	EndGlobalSection
EndGlobal
